
Microsoft Visual Studio Solution File, Format Version 12.00
# Visual Studio Version 16
VisualStudioVersion = 16.0.31129.286
MinimumVisualStudioVersion = 10.0.40219.1
Project("{FAE04EC0-301F-11D3-BF4B-00C04F79EFBC}") = "FirstMLApp", "FirstMLApp\FirstMLApp.csproj", "{AD286702-5060-4980-BB8E-ADC3F4B7CAF3}"
EndProject
Project("{9A19103F-16F7-4668-BE54-9A1E7A4F7556}") = "FirstMLAppML.Model", "FirstMLAppML.Model\FirstMLAppML.Model.csproj", "{A039CC10-5A90-4E80-A540-B3248F197685}"
EndProject
Project("{9A19103F-16F7-4668-BE54-9A1E7A4F7556}") = "FirstMLAppML.ConsoleApp", "FirstMLAppML.ConsoleApp\FirstMLAppML.ConsoleApp.csproj", "{CA74D1B8-0B12-4A0B-9B4D-B0AB4F9CC16E}"
EndProject
Global
	GlobalSection(SolutionConfigurationPlatforms) = preSolution
		Debug|Any CPU = Debug|Any CPU
		Release|Any CPU = Release|Any CPU
	EndGlobalSection
	GlobalSection(ProjectConfigurationPlatforms) = postSolution
		{AD286702-5060-4980-BB8E-ADC3F4B7CAF3}.Debug|Any CPU.ActiveCfg = Debug|Any CPU
		{AD286702-5060-4980-BB8E-ADC3F4B7CAF3}.Debug|Any CPU.Build.0 = Debug|Any CPU
		{AD286702-5060-4980-BB8E-ADC3F4B7CAF3}.Release|Any CPU.ActiveCfg = Release|Any CPU
		{AD286702-5060-4980-BB8E-ADC3F4B7CAF3}.Release|Any CPU.Build.0 = Release|Any CPU
		{A039CC10-5A90-4E80-A540-B3248F197685}.Debug|Any CPU.ActiveCfg = Debug|Any CPU
		{A039CC10-5A90-4E80-A540-B3248F197685}.Debug|Any CPU.Build.0 = Debug|Any CPU
		{A039CC10-5A90-4E80-A540-B3248F197685}.Release|Any CPU.ActiveCfg = Release|Any CPU
		{A039CC10-5A90-4E80-A540-B3248F197685}.Release|Any CPU.Build.0 = Release|Any CPU
		{CA74D1B8-0B12-4A0B-9B4D-B0AB4F9CC16E}.Debug|Any CPU.ActiveCfg = Debug|Any CPU
		{CA74D1B8-0B12-4A0B-9B4D-B0AB4F9CC16E}.Debug|Any CPU.Build.0 = Debug|Any CPU
		{CA74D1B8-0B12-4A0B-9B4D-B0AB4F9CC16E}.Release|Any CPU.ActiveCfg = Release|Any CPU
		{CA74D1B8-0B12-4A0B-9B4D-B0AB4F9CC16E}.Release|Any CPU.Build.0 = Release|Any CPU
	EndGlobalSection
	GlobalSection(SolutionProperties) = preSolution
		HideSolutionNode = FALSE
	EndGlobalSection
	GlobalSection(ExtensibilityGlobals) = postSolution
		SolutionGuid = {99491BF4-C0CE-4315-8BFC-A73354227DBD}
	EndGlobalSection
EndGlobal
